
Microsoft Visual Studio Solution File, Format Version 12.00
# Visual Studio Version 17
VisualStudioVersion = 17.11.35219.272
MinimumVisualStudioVersion = 10.0.40219.1
Project("{2150E333-8FDC-42A3-9474-1A3956D46DE8}") = "Solution Items", "Solution Items", "{2D35574D-B27B-4EFF-B106-C7BE494F4C5F}"
	ProjectSection(SolutionItems) = preProject
		.editorconfig = .editorconfig
		.gitignore = .gitignore
		global.json = global.json
	EndProjectSection
EndProject
Project("{9A19103F-16F7-4668-BE54-9A1E7A4F7556}") = "OneClickJobs.Domain", "OneClickJobs.Domain\OneClickJobs.Domain.csproj", "{BB92FE83-E8A0-4011-87AD-D0B51BFEADD0}"
EndProject
Project("{9A19103F-16F7-4668-BE54-9A1E7A4F7556}") = "OneClickJobs.UseCases", "OneClickJobs.UseCases\OneClickJobs.UseCases.csproj", "{CBA6310F-8524-4B0B-BBB9-900C50F64146}"
EndProject
Project("{9A19103F-16F7-4668-BE54-9A1E7A4F7556}") = "OneClickJobs.Services", "OneClickJobs.Services\OneClickJobs.Services.csproj", "{CBF869B0-497A-462E-8CDF-4B3DD0042820}"
EndProject
Project("{9A19103F-16F7-4668-BE54-9A1E7A4F7556}") = "OneClickJobs.Repositories", "OneClickJobs.Repositories\OneClickJobs.Repositories.csproj", "{173CDD3F-F19E-4C79-A759-3C67128B6D63}"
EndProject
Project("{9A19103F-16F7-4668-BE54-9A1E7A4F7556}") = "OneClickJobs.Tests", "OneClickJobs.Tests\OneClickJobs.Tests.csproj", "{29195781-3393-4354-85B5-A144D29ABC7B}"
EndProject
Project("{FAE04EC0-301F-11D3-BF4B-00C04F79EFBC}") = "OneClickJobs.Web", "OneClickJobs.Web\OneClickJobs.Web.csproj", "{7E02F8C8-F9A1-448E-A332-7755678053B2}"
EndProject
Global
	GlobalSection(SolutionConfigurationPlatforms) = preSolution
		Debug|Any CPU = Debug|Any CPU
		Release|Any CPU = Release|Any CPU
	EndGlobalSection
	GlobalSection(ProjectConfigurationPlatforms) = postSolution
		{BB92FE83-E8A0-4011-87AD-D0B51BFEADD0}.Debug|Any CPU.ActiveCfg = Debug|Any CPU
		{BB92FE83-E8A0-4011-87AD-D0B51BFEADD0}.Debug|Any CPU.Build.0 = Debug|Any CPU
		{BB92FE83-E8A0-4011-87AD-D0B51BFEADD0}.Release|Any CPU.ActiveCfg = Release|Any CPU
		{BB92FE83-E8A0-4011-87AD-D0B51BFEADD0}.Release|Any CPU.Build.0 = Release|Any CPU
		{CBA6310F-8524-4B0B-BBB9-900C50F64146}.Debug|Any CPU.ActiveCfg = Debug|Any CPU
		{CBA6310F-8524-4B0B-BBB9-900C50F64146}.Debug|Any CPU.Build.0 = Debug|Any CPU
		{CBA6310F-8524-4B0B-BBB9-900C50F64146}.Release|Any CPU.ActiveCfg = Release|Any CPU
		{CBA6310F-8524-4B0B-BBB9-900C50F64146}.Release|Any CPU.Build.0 = Release|Any CPU
		{CBF869B0-497A-462E-8CDF-4B3DD0042820}.Debug|Any CPU.ActiveCfg = Debug|Any CPU
		{CBF869B0-497A-462E-8CDF-4B3DD0042820}.Debug|Any CPU.Build.0 = Debug|Any CPU
		{CBF869B0-497A-462E-8CDF-4B3DD0042820}.Release|Any CPU.ActiveCfg = Release|Any CPU
		{CBF869B0-497A-462E-8CDF-4B3DD0042820}.Release|Any CPU.Build.0 = Release|Any CPU
		{173CDD3F-F19E-4C79-A759-3C67128B6D63}.Debug|Any CPU.ActiveCfg = Debug|Any CPU
		{173CDD3F-F19E-4C79-A759-3C67128B6D63}.Debug|Any CPU.Build.0 = Debug|Any CPU
		{173CDD3F-F19E-4C79-A759-3C67128B6D63}.Release|Any CPU.ActiveCfg = Release|Any CPU
		{173CDD3F-F19E-4C79-A759-3C67128B6D63}.Release|Any CPU.Build.0 = Release|Any CPU
		{29195781-3393-4354-85B5-A144D29ABC7B}.Debug|Any CPU.ActiveCfg = Debug|Any CPU
		{29195781-3393-4354-85B5-A144D29ABC7B}.Debug|Any CPU.Build.0 = Debug|Any CPU
		{29195781-3393-4354-85B5-A144D29ABC7B}.Release|Any CPU.ActiveCfg = Release|Any CPU
		{29195781-3393-4354-85B5-A144D29ABC7B}.Release|Any CPU.Build.0 = Release|Any CPU
		{7E02F8C8-F9A1-448E-A332-7755678053B2}.Debug|Any CPU.ActiveCfg = Debug|Any CPU
		{7E02F8C8-F9A1-448E-A332-7755678053B2}.Debug|Any CPU.Build.0 = Debug|Any CPU
		{7E02F8C8-F9A1-448E-A332-7755678053B2}.Release|Any CPU.ActiveCfg = Release|Any CPU
		{7E02F8C8-F9A1-448E-A332-7755678053B2}.Release|Any CPU.Build.0 = Release|Any CPU
	EndGlobalSection
	GlobalSection(SolutionProperties) = preSolution
		HideSolutionNode = FALSE
	EndGlobalSection
	GlobalSection(ExtensibilityGlobals) = postSolution
		SolutionGuid = {F77A6015-FBB3-4641-875D-98E7923EDD48}
	EndGlobalSection
EndGlobal
